{
    "_readme": [
        "This file locks the dependencies of your project to a known state",
        "Read more about it at http://getcomposer.org/doc/01-basic-usage.md#composer-lock-the-lock-file"
    ],
    "hash": "dcb7c66725689f18566e58e1b1ead788",
    "packages": [
        {
            "name": "illuminate/container",
            "version": "v1.1.0",
            "source": {
                "type": "git",
                "url": "http://github.com/illuminate/container",
                "reference": "v1.1.0"
            },
            "dist": {
                "type": "zip",
                "url": "https://github.com/illuminate/container/archive/v1.1.0.zip",
                "reference": "v1.1.0",
                "shasum": ""
            },
            "require": {
                "php": ">=5.3.0"
            },
            "type": "library",
            "autoload": {
                "classmap": [
                    "src/"
                ]
            },
            "notification-url": "https://packagist.org/downloads/",
            "authors": [
                {
                    "name": "Taylor Otwell",
                    "email": "taylorotwell@gmail.com"
                }
            ],
            "description": "A powerful IoC container for PHP.",
            "time": "2012-12-04 02:40:10"
        },
        {
            "name": "illuminate/database",
            "version": "v1.1.1",
            "source": {
                "type": "git",
                "url": "http://github.com/illuminate/database",
                "reference": "v1.1.1"
            },
            "dist": {
                "type": "zip",
                "url": "https://github.com/illuminate/database/archive/v1.1.1.zip",
                "reference": "v1.1.1",
                "shasum": ""
            },
            "require": {
                "illuminate/events": ">=1.0.0",
                "illuminate/support": ">=1.0.0",
                "php": ">=5.3.0"
            },
            "require-dev": {
                "illuminate/console": ">=1.0.0",
                "illuminate/filesystem": ">=1.0.0",
                "illuminate/pagination": ">=1.0.0",
                "illuminate/support": ">=1.0.0",
                "mockery/mockery": "0.7.2"
            },
            "type": "library",
            "autoload": {
                "psr-0": {
                    "Illuminate\\Database": "src/"
                }
            },
            "notification-url": "https://packagist.org/downloads/",
            "authors": [
                {
                    "name": "Taylor Otwell",
                    "email": "taylorotwell@gmail.com"
                }
            ],
            "description": "An elegant database abstraction library.",
            "keywords": [
                "laravel"
            ],
            "time": "2012-12-05 20:02:04"
        },
        {
            "name": "illuminate/events",
            "version": "v1.1.0",
            "source": {
                "type": "git",
                "url": "http://github.com/illuminate/events",
                "reference": "v1.1.0"
            },
            "dist": {
                "type": "zip",
                "url": "https://github.com/illuminate/events/archive/v1.1.0.zip",
                "reference": "v1.1.0",
                "shasum": ""
            },
            "require": {
                "illuminate/container": ">=1.0.0",
                "illuminate/support": ">=1.0.0",
                "php": ">=5.3.0"
            },
            "require-dev": {
                "mockery/mockery": "0.7.2"
            },
            "type": "library",
            "autoload": {
                "psr-0": {
                    "Illuminate\\Events": "src/"
                }
            },
            "notification-url": "https://packagist.org/downloads/",
            "authors": [
                {
                    "name": "Taylor Otwell",
                    "email": "taylorotwell@gmail.com"
                }
            ],
            "description": "A simple, powerful events system.",
            "time": "2012-11-25 19:47:40"
        },
        {
            "name": "illuminate/support",
            "version": "v1.1.2",
            "source": {
                "type": "git",
                "url": "https://github.com/illuminate/support.git",
                "reference": "v1.1.2"
            },
            "dist": {
                "type": "zip",
                "url": "https://api.github.com/repos/illuminate/support/zipball/v1.1.2",
                "reference": "v1.1.2",
                "shasum": ""
            },
            "require": {
                "php": ">=5.3.0"
            },
            "type": "library",
            "autoload": {
                "psr-0": {
                    "Illuminate\\Support": "src/"
                },
                "files": [
                    "src/helpers.php"
                ]
            },
            "notification-url": "https://packagist.org/downloads/",
            "authors": [
                {
                    "name": "Taylor Otwell",
                    "email": "taylorotwell@gmail.com"
                }
            ],
            "description": "Various utilities and support functions.",
            "time": "2012-12-07 17:38:25"
        },
        {
            "name": "slim/slim",
            "version": "2.2.0",
            "source": {
                "type": "git",
                "url": "https://github.com/codeguy/Slim",
                "reference": "2.2.0"
            },
            "dist": {
                "type": "zip",
                "url": "https://github.com/codeguy/Slim/archive/2.2.0.zip",
                "reference": "2.2.0",
                "shasum": ""
            },
            "require": {
                "php": ">=5.3.0"
            },
            "type": "library",
            "autoload": {
                "psr-0": {
                    "Slim": "."
                }
            },
            "notification-url": "https://packagist.org/downloads/",
            "license": [
                "MIT"
            ],
            "authors": [
                {
                    "name": "Josh Lockhart",
                    "email": "info@joshlockhart.com",
                    "homepage": "http://www.joshlockhart.com/"
                }
            ],
            "description": "Slim Framework, a PHP micro framework",
            "homepage": "http://github.com/codeguy/Slim",
            "keywords": [
                "microframework",
                "rest",
                "router"
            ],
            "time": "2012-12-13 02:15:50"
        }
    ],
    "packages-dev": [

    ],
    "aliases": [

    ],
    "minimum-stability": "stable",
    "stability-flags": [

    ],
    "platform": [

    ],
    "platform-dev": [

    ]
}
